
Microsoft Visual Studio Solution File, Format Version 12.00
# Visual Studio 15
VisualStudioVersion = 15.0.28307.705
MinimumVisualStudioVersion = 10.0.40219.1
Project("{FAE04EC0-301F-11D3-BF4B-00C04F79EFBC}") = "Shifr", "Shifr\Shifr.csproj", "{4CAE3837-B526-43C4-B699-9B9031FD8869}"
EndProject
Global
	GlobalSection(SolutionConfigurationPlatforms) = preSolution
		Debug|Any CPU = Debug|Any CPU
		Release|Any CPU = Release|Any CPU
	EndGlobalSection
	GlobalSection(ProjectConfigurationPlatforms) = postSolution
		{4CAE3837-B526-43C4-B699-9B9031FD8869}.Debug|Any CPU.ActiveCfg = Debug|Any CPU
		{4CAE3837-B526-43C4-B699-9B9031FD8869}.Debug|Any CPU.Build.0 = Debug|Any CPU
		{4CAE3837-B526-43C4-B699-9B9031FD8869}.Release|Any CPU.ActiveCfg = Release|Any CPU
		{4CAE3837-B526-43C4-B699-9B9031FD8869}.Release|Any CPU.Build.0 = Release|Any CPU
	EndGlobalSection
	GlobalSection(SolutionProperties) = preSolution
		HideSolutionNode = FALSE
	EndGlobalSection
	GlobalSection(ExtensibilityGlobals) = postSolution
		SolutionGuid = {645D931B-DDF2-4E9B-AEC3-B4F7672F6793}
	EndGlobalSection
EndGlobal
